
Microsoft Visual Studio Solution File, Format Version 12.00
# Visual Studio Version 17
VisualStudioVersion = 17.3.32901.215
MinimumVisualStudioVersion = 10.0.40219.1
Project("{9A19103F-16F7-4668-BE54-9A1E7A4F7556}") = "CosmosTablePoc", "CosmosTablePoc\CosmosTablePoc.csproj", "{487BBAEB-E97B-4FB7-BD28-5842703D043B}"
EndProject
Project("{2150E333-8FDC-42A3-9474-1A3956D46DE8}") = "Solution Items", "Solution Items", "{43B4BF98-2A19-4E28-AACE-11D923F739AB}"
	ProjectSection(SolutionItems) = preProject
		.gitignore = .gitignore
		Readme.md = Readme.md
	EndProjectSection
EndProject
Global
	GlobalSection(SolutionConfigurationPlatforms) = preSolution
		Debug|Any CPU = Debug|Any CPU
		Release|Any CPU = Release|Any CPU
	EndGlobalSection
	GlobalSection(ProjectConfigurationPlatforms) = postSolution
		{487BBAEB-E97B-4FB7-BD28-5842703D043B}.Debug|Any CPU.ActiveCfg = Debug|Any CPU
		{487BBAEB-E97B-4FB7-BD28-5842703D043B}.Debug|Any CPU.Build.0 = Debug|Any CPU
		{487BBAEB-E97B-4FB7-BD28-5842703D043B}.Release|Any CPU.ActiveCfg = Release|Any CPU
		{487BBAEB-E97B-4FB7-BD28-5842703D043B}.Release|Any CPU.Build.0 = Release|Any CPU
	EndGlobalSection
	GlobalSection(SolutionProperties) = preSolution
		HideSolutionNode = FALSE
	EndGlobalSection
	GlobalSection(ExtensibilityGlobals) = postSolution
		SolutionGuid = {E301688E-08B7-4055-89B2-EC1852DCAE4E}
	EndGlobalSection
EndGlobal
